# THIS IS AN AUTOGENERATED FILE. DO NOT EDIT THIS FILE DIRECTLY.
# yarn lockfile v1


cursor-dot@^1.0.5:
  version "1.0.5"
  resolved "https://registry.yarnpkg.com/cursor-dot/-/cursor-dot-1.0.5.tgz#787fdc6055240eb400ab5f4bd2ba46a8ccdd271a"
  integrity sha512-2pJ6G+h2zaY1O1jMV5+BxyZUozjfmCT2y9b580KpyIPY2yWv7ICBooQGO+DVd6ZzQvoNQ8jOdQxDPshL9370xg==
